// !$*UTF8*$!
{
	archiveVersion = 1;
	classes = {
	};
	objectVersion = 77;
	objects = {

/* Begin PBXBuildFile section */
		34113BAA2DDD14C200EE09BA /* TrashInfoModel.swift in Sources */ = {isa = PBXBuildFile; fileRef = 34113BA92DDD14C200EE09BA /* TrashInfoModel.swift */; };
		34113BAF2DDD17FE00EE09BA /* napojovy-karton_cz_2020.pdf in Resources */ = {isa = PBXBuildFile; fileRef = 34113BAC2DDD17FE00EE09BA /* napojovy-karton_cz_2020.pdf */; };
		34113BB02DDD17FE00EE09BA /* papir_cz_2020.pdf in Resources */ = {isa = PBXBuildFile; fileRef = 34113BAD2DDD17FE00EE09BA /* papir_cz_2020.pdf */; };
		34113BB12DDD17FE00EE09BA /* plasty_cz_2020.pdf in Resources */ = {isa = PBXBuildFile; fileRef = 34113BAE2DDD17FE00EE09BA /* plasty_cz_2020.pdf */; };
		34113BB22DDD17FE00EE09BA /* kovy_cz_2020.pdf in Resources */ = {isa = PBXBuildFile; fileRef = 34113BAB2DDD17FE00EE09BA /* kovy_cz_2020.pdf */; };
		34113BB52DDD181100EE09BA /* TrashInfoSection.swift in Sources */ = {isa = PBXBuildFile; fileRef = 34113BB42DDD181100EE09BA /* TrashInfoSection.swift */; };
		34113BB82DDD277700EE09BA /* NotificationHour.swift in Sources */ = {isa = PBXBuildFile; fileRef = 34113BB72DDD277700EE09BA /* NotificationHour.swift */; };
		343502AB2DDD097E0075036D /* NovaVesOdpadApp.swift in Sources */ = {isa = PBXBuildFile; fileRef = 343502AA2DDD097E0075036D /* NovaVesOdpadApp.swift */; };
		343502AD2DDD09AD0075036D /* calendar.json in Resources */ = {isa = PBXBuildFile; fileRef = 343502AC2DDD09AD0075036D /* calendar.json */; };
		343502B22DDD0D2F0075036D /* TashDay.swift in Sources */ = {isa = PBXBuildFile; fileRef = 343502B12DDD0D2F0075036D /* TashDay.swift */; };
		343502B82DDD146F0075036D /* SettingsCoordinator.swift in Sources */ = {isa = PBXBuildFile; fileRef = 343502B52DDD146F0075036D /* SettingsCoordinator.swift */; };
		343502B92DDD146F0075036D /* SettingsModel.swift in Sources */ = {isa = PBXBuildFile; fileRef = 343502B62DDD146F0075036D /* SettingsModel.swift */; };
		343502BA2DDD146F0075036D /* SettingsView.swift in Sources */ = {isa = PBXBuildFile; fileRef = 343502B72DDD146F0075036D /* SettingsView.swift */; };
		343502BE2DDD14980075036D /* TrashInfoCoordinator.swift in Sources */ = {isa = PBXBuildFile; fileRef = 343502BB2DDD14980075036D /* TrashInfoCoordinator.swift */; };
		343502C02DDD14980075036D /* TrashInfoView.swift in Sources */ = {isa = PBXBuildFile; fileRef = 343502BD2DDD14980075036D /* TrashInfoView.swift */; };
		3439DBED2DC7492F008BD7B0 /* Assets.xcassets in Resources */ = {isa = PBXBuildFile; fileRef = 3439DBE22DC7492F008BD7B0 /* Assets.xcassets */; };
		3439DBEF2DC74B36008BD7B0 /* RootView.swift in Sources */ = {isa = PBXBuildFile; fileRef = 3439DBEE2DC74B36008BD7B0 /* RootView.swift */; };
		3439DBF82DC74F08008BD7B0 /* TasksManager.swift in Sources */ = {isa = PBXBuildFile; fileRef = 3439DBF72DC74F08008BD7B0 /* TasksManager.swift */; };
		3439DBFB2DC7501D008BD7B0 /* Factory in Frameworks */ = {isa = PBXBuildFile; productRef = 3439DBFA2DC7501D008BD7B0 /* Factory */; };
		3439DC072DC7550F008BD7B0 /* Logger.swift in Sources */ = {isa = PBXBuildFile; fileRef = 3439DC062DC7550F008BD7B0 /* Logger.swift */; };
		345593AE2DC75F4F002F346F /* MainButton.swift in Sources */ = {isa = PBXBuildFile; fileRef = 345593AD2DC75F4F002F346F /* MainButton.swift */; };
		345593B02DC7610C002F346F /* GlobalCoordinator.swift in Sources */ = {isa = PBXBuildFile; fileRef = 345593AF2DC7610C002F346F /* GlobalCoordinator.swift */; };
		345593B22DC76118002F346F /* AppDestination.swift in Sources */ = {isa = PBXBuildFile; fileRef = 345593B12DC76118002F346F /* AppDestination.swift */; };
		345593B52DC76303002F346F /* HomeView.swift in Sources */ = {isa = PBXBuildFile; fileRef = 345593B42DC76303002F346F /* HomeView.swift */; };
		345593B72DC76307002F346F /* HomeModel.swift in Sources */ = {isa = PBXBuildFile; fileRef = 345593B62DC76307002F346F /* HomeModel.swift */; };
		34C2EBFD2DC7C23100C11F28 /* RootModel.swift in Sources */ = {isa = PBXBuildFile; fileRef = 34C2EBFC2DC7C23100C11F28 /* RootModel.swift */; };
		34C2EC012DC7C33B00C11F28 /* HomeCoordinator.swift in Sources */ = {isa = PBXBuildFile; fileRef = 34C2EC002DC7C33B00C11F28 /* HomeCoordinator.swift */; };
/* End PBXBuildFile section */

/* Begin PBXFileReference section */
		34113BA92DDD14C200EE09BA /* TrashInfoModel.swift */ = {isa = PBXFileReference; lastKnownFileType = sourcecode.swift; path = TrashInfoModel.swift; sourceTree = "<group>"; };
		34113BAB2DDD17FE00EE09BA /* kovy_cz_2020.pdf */ = {isa = PBXFileReference; lastKnownFileType = image.pdf; path = kovy_cz_2020.pdf; sourceTree = "<group>"; };
		34113BAC2DDD17FE00EE09BA /* napojovy-karton_cz_2020.pdf */ = {isa = PBXFileReference; lastKnownFileType = image.pdf; path = "napojovy-karton_cz_2020.pdf"; sourceTree = "<group>"; };
		34113BAD2DDD17FE00EE09BA /* papir_cz_2020.pdf */ = {isa = PBXFileReference; lastKnownFileType = image.pdf; path = papir_cz_2020.pdf; sourceTree = "<group>"; };
		34113BAE2DDD17FE00EE09BA /* plasty_cz_2020.pdf */ = {isa = PBXFileReference; lastKnownFileType = image.pdf; path = plasty_cz_2020.pdf; sourceTree = "<group>"; };
		34113BB42DDD181100EE09BA /* TrashInfoSection.swift */ = {isa = PBXFileReference; lastKnownFileType = sourcecode.swift; path = TrashInfoSection.swift; sourceTree = "<group>"; };
		34113BB72DDD277700EE09BA /* NotificationHour.swift */ = {isa = PBXFileReference; lastKnownFileType = sourcecode.swift; path = NotificationHour.swift; sourceTree = "<group>"; };
		343502AA2DDD097E0075036D /* NovaVesOdpadApp.swift */ = {isa = PBXFileReference; lastKnownFileType = sourcecode.swift; path = NovaVesOdpadApp.swift; sourceTree = "<group>"; };
		343502AC2DDD09AD0075036D /* calendar.json */ = {isa = PBXFileReference; lastKnownFileType = text.json; path = calendar.json; sourceTree = "<group>"; };
		343502B12DDD0D2F0075036D /* TashDay.swift */ = {isa = PBXFileReference; lastKnownFileType = sourcecode.swift; path = TashDay.swift; sourceTree = "<group>"; };
		343502B52DDD146F0075036D /* SettingsCoordinator.swift */ = {isa = PBXFileReference; lastKnownFileType = sourcecode.swift; path = SettingsCoordinator.swift; sourceTree = "<group>"; };
		343502B62DDD146F0075036D /* SettingsModel.swift */ = {isa = PBXFileReference; lastKnownFileType = sourcecode.swift; path = SettingsModel.swift; sourceTree = "<group>"; };
		343502B72DDD146F0075036D /* SettingsView.swift */ = {isa = PBXFileReference; lastKnownFileType = sourcecode.swift; path = SettingsView.swift; sourceTree = "<group>"; };
		343502BB2DDD14980075036D /* TrashInfoCoordinator.swift */ = {isa = PBXFileReference; lastKnownFileType = sourcecode.swift; path = TrashInfoCoordinator.swift; sourceTree = "<group>"; };
		343502BD2DDD14980075036D /* TrashInfoView.swift */ = {isa = PBXFileReference; lastKnownFileType = sourcecode.swift; path = TrashInfoView.swift; sourceTree = "<group>"; };
		3439DBD42DC748DF008BD7B0 /* NovaVesOdpad.app */ = {isa = PBXFileReference; explicitFileType = wrapper.application; includeInIndex = 0; path = NovaVesOdpad.app; sourceTree = BUILT_PRODUCTS_DIR; };
		3439DBE22DC7492F008BD7B0 /* Assets.xcassets */ = {isa = PBXFileReference; lastKnownFileType = folder.assetcatalog; path = Assets.xcassets; sourceTree = "<group>"; };
		3439DBEE2DC74B36008BD7B0 /* RootView.swift */ = {isa = PBXFileReference; lastKnownFileType = sourcecode.swift; path = RootView.swift; sourceTree = "<group>"; };
		3439DBF72DC74F08008BD7B0 /* TasksManager.swift */ = {isa = PBXFileReference; lastKnownFileType = sourcecode.swift; path = TasksManager.swift; sourceTree = "<group>"; };
		3439DC062DC7550F008BD7B0 /* Logger.swift */ = {isa = PBXFileReference; lastKnownFileType = sourcecode.swift; path = Logger.swift; sourceTree = "<group>"; };
		345593AD2DC75F4F002F346F /* MainButton.swift */ = {isa = PBXFileReference; lastKnownFileType = sourcecode.swift; path = MainButton.swift; sourceTree = "<group>"; };
		345593AF2DC7610C002F346F /* GlobalCoordinator.swift */ = {isa = PBXFileReference; lastKnownFileType = sourcecode.swift; path = GlobalCoordinator.swift; sourceTree = "<group>"; };
		345593B12DC76118002F346F /* AppDestination.swift */ = {isa = PBXFileReference; lastKnownFileType = sourcecode.swift; path = AppDestination.swift; sourceTree = "<group>"; };
		345593B42DC76303002F346F /* HomeView.swift */ = {isa = PBXFileReference; lastKnownFileType = sourcecode.swift; path = HomeView.swift; sourceTree = "<group>"; };
		345593B62DC76307002F346F /* HomeModel.swift */ = {isa = PBXFileReference; lastKnownFileType = sourcecode.swift; path = HomeModel.swift; sourceTree = "<group>"; };
		34C2EBFC2DC7C23100C11F28 /* RootModel.swift */ = {isa = PBXFileReference; lastKnownFileType = sourcecode.swift; path = RootModel.swift; sourceTree = "<group>"; };
		34C2EC002DC7C33B00C11F28 /* HomeCoordinator.swift */ = {isa = PBXFileReference; lastKnownFileType = sourcecode.swift; path = HomeCoordinator.swift; sourceTree = "<group>"; };
/* End PBXFileReference section */

/* Begin PBXFrameworksBuildPhase section */
		3439DBD12DC748DF008BD7B0 /* Frameworks */ = {
			isa = PBXFrameworksBuildPhase;
			buildActionMask = 2147483647;
			files = (
				3439DBFB2DC7501D008BD7B0 /* Factory in Frameworks */,
			);
			runOnlyForDeploymentPostprocessing = 0;
		};
/* End PBXFrameworksBuildPhase section */

/* Begin PBXGroup section */
		34113BB32DDD180400EE09BA /* models */ = {
			isa = PBXGroup;
			children = (
				34113BB42DDD181100EE09BA /* TrashInfoSection.swift */,
			);
			path = models;
			sourceTree = "<group>";
		};
		34113BB62DDD276C00EE09BA /* models */ = {
			isa = PBXGroup;
			children = (
				34113BB72DDD277700EE09BA /* NotificationHour.swift */,
			);
			path = models;
			sourceTree = "<group>";
		};
		343502AE2DDD0D1C0075036D /* models */ = {
			isa = PBXGroup;
			children = (
				343502B12DDD0D2F0075036D /* TashDay.swift */,
			);
			path = models;
			sourceTree = "<group>";
		};
		343502B32DDD145B0075036D /* TashInfo */ = {
			isa = PBXGroup;
			children = (
				343502BB2DDD14980075036D /* TrashInfoCoordinator.swift */,
				34113BA92DDD14C200EE09BA /* TrashInfoModel.swift */,
				343502BD2DDD14980075036D /* TrashInfoView.swift */,
				34113BB32DDD180400EE09BA /* models */,
			);
			path = TashInfo;
			sourceTree = "<group>";
		};
		343502B42DDD14650075036D /* Settings */ = {
			isa = PBXGroup;
			children = (
				343502B52DDD146F0075036D /* SettingsCoordinator.swift */,
				343502B62DDD146F0075036D /* SettingsModel.swift */,
				343502B72DDD146F0075036D /* SettingsView.swift */,
				34113BB62DDD276C00EE09BA /* models */,
			);
			path = Settings;
			sourceTree = "<group>";
		};
		3439DBCB2DC748DF008BD7B0 = {
			isa = PBXGroup;
			children = (
				3439DBEA2DC7492F008BD7B0 /* Sources */,
				3439DBE32DC7492F008BD7B0 /* Resources */,
				3439DBD52DC748DF008BD7B0 /* Products */,
			);
			sourceTree = "<group>";
		};
		3439DBD52DC748DF008BD7B0 /* Products */ = {
			isa = PBXGroup;
			children = (
				3439DBD42DC748DF008BD7B0 /* NovaVesOdpad.app */,
			);
			name = Products;
			sourceTree = "<group>";
		};
		3439DBE32DC7492F008BD7B0 /* Resources */ = {
			isa = PBXGroup;
			children = (
				34113BAB2DDD17FE00EE09BA /* kovy_cz_2020.pdf */,
				34113BAC2DDD17FE00EE09BA /* napojovy-karton_cz_2020.pdf */,
				34113BAD2DDD17FE00EE09BA /* papir_cz_2020.pdf */,
				34113BAE2DDD17FE00EE09BA /* plasty_cz_2020.pdf */,
				3439DBE22DC7492F008BD7B0 /* Assets.xcassets */,
				343502AC2DDD09AD0075036D /* calendar.json */,
			);
			path = Resources;
			sourceTree = "<group>";
		};
		3439DBE42DC7492F008BD7B0 /* Dependencies */ = {
			isa = PBXGroup;
			children = (
				3439DC052DC75507008BD7B0 /* Logger */,
				3439DBF42DC74EF7008BD7B0 /* TasksManager */,
			);
			path = Dependencies;
			sourceTree = "<group>";
		};
		3439DBE72DC7492F008BD7B0 /* Root */ = {
			isa = PBXGroup;
			children = (
				34C2EBFC2DC7C23100C11F28 /* RootModel.swift */,
				3439DBEE2DC74B36008BD7B0 /* RootView.swift */,
			);
			path = Root;
			sourceTree = "<group>";
		};
		3439DBE82DC7492F008BD7B0 /* Features */ = {
			isa = PBXGroup;
			children = (
				345593B32DC762FB002F346F /* Home */,
				3439DBE72DC7492F008BD7B0 /* Root */,
				343502B42DDD14650075036D /* Settings */,
				343502B32DDD145B0075036D /* TashInfo */,
			);
			path = Features;
			sourceTree = "<group>";
		};
		3439DBEA2DC7492F008BD7B0 /* Sources */ = {
			isa = PBXGroup;
			children = (
				343502AA2DDD097E0075036D /* NovaVesOdpadApp.swift */,
				3439DC0E2DC755E1008BD7B0 /* Coordinator */,
				3439DBE42DC7492F008BD7B0 /* Dependencies */,
				3439DBE82DC7492F008BD7B0 /* Features */,
				345593AC2DC75F42002F346F /* UIComponents */,
			);
			path = Sources;
			sourceTree = "<group>";
		};
		3439DBF42DC74EF7008BD7B0 /* TasksManager */ = {
			isa = PBXGroup;
			children = (
				3439DBF72DC74F08008BD7B0 /* TasksManager.swift */,
			);
			path = TasksManager;
			sourceTree = "<group>";
		};
		3439DC052DC75507008BD7B0 /* Logger */ = {
			isa = PBXGroup;
			children = (
				3439DC062DC7550F008BD7B0 /* Logger.swift */,
			);
			path = Logger;
			sourceTree = "<group>";
		};
		3439DC0E2DC755E1008BD7B0 /* Coordinator */ = {
			isa = PBXGroup;
			children = (
				345593B12DC76118002F346F /* AppDestination.swift */,
				345593AF2DC7610C002F346F /* GlobalCoordinator.swift */,
			);
			path = Coordinator;
			sourceTree = "<group>";
		};
		345593AC2DC75F42002F346F /* UIComponents */ = {
			isa = PBXGroup;
			children = (
				345593AD2DC75F4F002F346F /* MainButton.swift */,
			);
			path = UIComponents;
			sourceTree = "<group>";
		};
		345593B32DC762FB002F346F /* Home */ = {
			isa = PBXGroup;
			children = (
				34C2EC002DC7C33B00C11F28 /* HomeCoordinator.swift */,
				345593B62DC76307002F346F /* HomeModel.swift */,
				345593B42DC76303002F346F /* HomeView.swift */,
				343502AE2DDD0D1C0075036D /* models */,
			);
			path = Home;
			sourceTree = "<group>";
		};
/* End PBXGroup section */

/* Begin PBXNativeTarget section */
		3439DBD32DC748DF008BD7B0 /* NovaVesOdpad */ = {
			isa = PBXNativeTarget;
			buildConfigurationList = 3439DBDF2DC748E0008BD7B0 /* Build configuration list for PBXNativeTarget "NovaVesOdpad" */;
			buildPhases = (
				3439DBD02DC748DF008BD7B0 /* Sources */,
				3439DBD12DC748DF008BD7B0 /* Frameworks */,
				3439DBD22DC748DF008BD7B0 /* Resources */,
			);
			buildRules = (
			);
			dependencies = (
			);
			name = NovaVesOdpad;
			packageProductDependencies = (
				3439DBFA2DC7501D008BD7B0 /* Factory */,
			);
			productName = ArchExample;
			productReference = 3439DBD42DC748DF008BD7B0 /* NovaVesOdpad.app */;
			productType = "com.apple.product-type.application";
		};
/* End PBXNativeTarget section */

/* Begin PBXProject section */
		3439DBCC2DC748DF008BD7B0 /* Project object */ = {
			isa = PBXProject;
			attributes = {
				BuildIndependentTargetsInParallel = 1;
				LastSwiftUpdateCheck = 1630;
				LastUpgradeCheck = 1630;
				TargetAttributes = {
					3439DBD32DC748DF008BD7B0 = {
						CreatedOnToolsVersion = 16.3;
					};
				};
			};
			buildConfigurationList = 3439DBCF2DC748DF008BD7B0 /* Build configuration list for PBXProject "NovaVesOdpad" */;
			developmentRegion = en;
			hasScannedForEncodings = 0;
			knownRegions = (
				en,
				Base,
			);
			mainGroup = 3439DBCB2DC748DF008BD7B0;
			minimizedProjectReferenceProxies = 1;
			packageReferences = (
				3439DBF92DC7501D008BD7B0 /* XCRemoteSwiftPackageReference "Factory" */,
			);
			preferredProjectObjectVersion = 77;
			productRefGroup = 3439DBD52DC748DF008BD7B0 /* Products */;
			projectDirPath = "";
			projectRoot = "";
			targets = (
				3439DBD32DC748DF008BD7B0 /* NovaVesOdpad */,
			);
		};
/* End PBXProject section */

/* Begin PBXResourcesBuildPhase section */
		3439DBD22DC748DF008BD7B0 /* Resources */ = {
			isa = PBXResourcesBuildPhase;
			buildActionMask = 2147483647;
			files = (
				34113BAF2DDD17FE00EE09BA /* napojovy-karton_cz_2020.pdf in Resources */,
				34113BB02DDD17FE00EE09BA /* papir_cz_2020.pdf in Resources */,
				34113BB12DDD17FE00EE09BA /* plasty_cz_2020.pdf in Resources */,
				34113BB22DDD17FE00EE09BA /* kovy_cz_2020.pdf in Resources */,
				3439DBED2DC7492F008BD7B0 /* Assets.xcassets in Resources */,
				343502AD2DDD09AD0075036D /* calendar.json in Resources */,
			);
			runOnlyForDeploymentPostprocessing = 0;
		};
/* End PBXResourcesBuildPhase section */

/* Begin PBXSourcesBuildPhase section */
		3439DBD02DC748DF008BD7B0 /* Sources */ = {
			isa = PBXSourcesBuildPhase;
			buildActionMask = 2147483647;
			files = (
				345593B02DC7610C002F346F /* GlobalCoordinator.swift in Sources */,
				34C2EC012DC7C33B00C11F28 /* HomeCoordinator.swift in Sources */,
				343502BE2DDD14980075036D /* TrashInfoCoordinator.swift in Sources */,
				343502C02DDD14980075036D /* TrashInfoView.swift in Sources */,
				345593B72DC76307002F346F /* HomeModel.swift in Sources */,
				345593B52DC76303002F346F /* HomeView.swift in Sources */,
				343502B82DDD146F0075036D /* SettingsCoordinator.swift in Sources */,
				343502B92DDD146F0075036D /* SettingsModel.swift in Sources */,
				343502BA2DDD146F0075036D /* SettingsView.swift in Sources */,
				345593B22DC76118002F346F /* AppDestination.swift in Sources */,
				3439DBF82DC74F08008BD7B0 /* TasksManager.swift in Sources */,
				343502B22DDD0D2F0075036D /* TashDay.swift in Sources */,
				3439DC072DC7550F008BD7B0 /* Logger.swift in Sources */,
				34113BB52DDD181100EE09BA /* TrashInfoSection.swift in Sources */,
				34113BB82DDD277700EE09BA /* NotificationHour.swift in Sources */,
				343502AB2DDD097E0075036D /* NovaVesOdpadApp.swift in Sources */,
				34113BAA2DDD14C200EE09BA /* TrashInfoModel.swift in Sources */,
				3439DBEF2DC74B36008BD7B0 /* RootView.swift in Sources */,
				345593AE2DC75F4F002F346F /* MainButton.swift in Sources */,
				34C2EBFD2DC7C23100C11F28 /* RootModel.swift in Sources */,
			);
			runOnlyForDeploymentPostprocessing = 0;
		};
/* End PBXSourcesBuildPhase section */

/* Begin XCBuildConfiguration section */
		3439DBDD2DC748E0008BD7B0 /* Debug */ = {
			isa = XCBuildConfiguration;
			buildSettings = {
				ALWAYS_SEARCH_USER_PATHS = NO;
				ASSETCATALOG_COMPILER_GENERATE_SWIFT_ASSET_SYMBOL_EXTENSIONS = YES;
				CLANG_ANALYZER_NONNULL = YES;
				CLANG_ANALYZER_NUMBER_OBJECT_CONVERSION = YES_AGGRESSIVE;
				CLANG_CXX_LANGUAGE_STANDARD = "gnu++20";
				CLANG_ENABLE_MODULES = YES;
				CLANG_ENABLE_OBJC_ARC = YES;
				CLANG_ENABLE_OBJC_WEAK = YES;
				CLANG_WARN_BLOCK_CAPTURE_AUTORELEASING = YES;
				CLANG_WARN_BOOL_CONVERSION = YES;
				CLANG_WARN_COMMA = YES;
				CLANG_WARN_CONSTANT_CONVERSION = YES;
				CLANG_WARN_DEPRECATED_OBJC_IMPLEMENTATIONS = YES;
				CLANG_WARN_DIRECT_OBJC_ISA_USAGE = YES_ERROR;
				CLANG_WARN_DOCUMENTATION_COMMENTS = YES;
				CLANG_WARN_EMPTY_BODY = YES;
				CLANG_WARN_ENUM_CONVERSION = YES;
				CLANG_WARN_INFINITE_RECURSION = YES;
				CLANG_WARN_INT_CONVERSION = YES;
				CLANG_WARN_NON_LITERAL_NULL_CONVERSION = YES;
				CLANG_WARN_OBJC_IMPLICIT_RETAIN_SELF = YES;
				CLANG_WARN_OBJC_LITERAL_CONVERSION = YES;
				CLANG_WARN_OBJC_ROOT_CLASS = YES_ERROR;
				CLANG_WARN_QUOTED_INCLUDE_IN_FRAMEWORK_HEADER = YES;
				CLANG_WARN_RANGE_LOOP_ANALYSIS = YES;
				CLANG_WARN_STRICT_PROTOTYPES = YES;
				CLANG_WARN_SUSPICIOUS_MOVE = YES;
				CLANG_WARN_UNGUARDED_AVAILABILITY = YES_AGGRESSIVE;
				CLANG_WARN_UNREACHABLE_CODE = YES;
				CLANG_WARN__DUPLICATE_METHOD_MATCH = YES;
				COPY_PHASE_STRIP = NO;
				DEBUG_INFORMATION_FORMAT = dwarf;
				DEVELOPMENT_TEAM = PANT4FKZGM;
				ENABLE_STRICT_OBJC_MSGSEND = YES;
				ENABLE_TESTABILITY = YES;
				ENABLE_USER_SCRIPT_SANDBOXING = YES;
				GCC_C_LANGUAGE_STANDARD = gnu17;
				GCC_DYNAMIC_NO_PIC = NO;
				GCC_NO_COMMON_BLOCKS = YES;
				GCC_OPTIMIZATION_LEVEL = 0;
				GCC_PREPROCESSOR_DEFINITIONS = (
					"DEBUG=1",
					"$(inherited)",
				);
				GCC_WARN_64_TO_32_BIT_CONVERSION = YES;
				GCC_WARN_ABOUT_RETURN_TYPE = YES_ERROR;
				GCC_WARN_UNDECLARED_SELECTOR = YES;
				GCC_WARN_UNINITIALIZED_AUTOS = YES_AGGRESSIVE;
				GCC_WARN_UNUSED_FUNCTION = YES;
				GCC_WARN_UNUSED_VARIABLE = YES;
				IPHONEOS_DEPLOYMENT_TARGET = 17.6;
				LOCALIZATION_PREFERS_STRING_CATALOGS = YES;
				MACOSX_DEPLOYMENT_TARGET = 14.6;
				MTL_ENABLE_DEBUG_INFO = INCLUDE_SOURCE;
				MTL_FAST_MATH = YES;
				ONLY_ACTIVE_ARCH = YES;
				SDKROOT = iphoneos;
				SWIFT_ACTIVE_COMPILATION_CONDITIONS = "DEBUG $(inherited)";
				SWIFT_OPTIMIZATION_LEVEL = "-Onone";
				SWIFT_VERSION = 6.0;
			};
			name = Debug;
		};
		3439DBDE2DC748E0008BD7B0 /* Release */ = {
			isa = XCBuildConfiguration;
			buildSettings = {
				ALWAYS_SEARCH_USER_PATHS = NO;
				ASSETCATALOG_COMPILER_GENERATE_SWIFT_ASSET_SYMBOL_EXTENSIONS = YES;
				CLANG_ANALYZER_NONNULL = YES;
				CLANG_ANALYZER_NUMBER_OBJECT_CONVERSION = YES_AGGRESSIVE;
				CLANG_CXX_LANGUAGE_STANDARD = "gnu++20";
				CLANG_ENABLE_MODULES = YES;
				CLANG_ENABLE_OBJC_ARC = YES;
				CLANG_ENABLE_OBJC_WEAK = YES;
				CLANG_WARN_BLOCK_CAPTURE_AUTORELEASING = YES;
				CLANG_WARN_BOOL_CONVERSION = YES;
				CLANG_WARN_COMMA = YES;
				CLANG_WARN_CONSTANT_CONVERSION = YES;
				CLANG_WARN_DEPRECATED_OBJC_IMPLEMENTATIONS = YES;
				CLANG_WARN_DIRECT_OBJC_ISA_USAGE = YES_ERROR;
				CLANG_WARN_DOCUMENTATION_COMMENTS = YES;
				CLANG_WARN_EMPTY_BODY = YES;
				CLANG_WARN_ENUM_CONVERSION = YES;
				CLANG_WARN_INFINITE_RECURSION = YES;
				CLANG_WARN_INT_CONVERSION = YES;
				CLANG_WARN_NON_LITERAL_NULL_CONVERSION = YES;
				CLANG_WARN_OBJC_IMPLICIT_RETAIN_SELF = YES;
				CLANG_WARN_OBJC_LITERAL_CONVERSION = YES;
				CLANG_WARN_OBJC_ROOT_CLASS = YES_ERROR;
				CLANG_WARN_QUOTED_INCLUDE_IN_FRAMEWORK_HEADER = YES;
				CLANG_WARN_RANGE_LOOP_ANALYSIS = YES;
				CLANG_WARN_STRICT_PROTOTYPES = YES;
				CLANG_WARN_SUSPICIOUS_MOVE = YES;
				CLANG_WARN_UNGUARDED_AVAILABILITY = YES_AGGRESSIVE;
				CLANG_WARN_UNREACHABLE_CODE = YES;
				CLANG_WARN__DUPLICATE_METHOD_MATCH = YES;
				COPY_PHASE_STRIP = NO;
				DEBUG_INFORMATION_FORMAT = "dwarf-with-dsym";
				DEVELOPMENT_TEAM = PANT4FKZGM;
				ENABLE_NS_ASSERTIONS = NO;
				ENABLE_STRICT_OBJC_MSGSEND = YES;
				ENABLE_USER_SCRIPT_SANDBOXING = YES;
				GCC_C_LANGUAGE_STANDARD = gnu17;
				GCC_NO_COMMON_BLOCKS = YES;
				GCC_WARN_64_TO_32_BIT_CONVERSION = YES;
				GCC_WARN_ABOUT_RETURN_TYPE = YES_ERROR;
				GCC_WARN_UNDECLARED_SELECTOR = YES;
				GCC_WARN_UNINITIALIZED_AUTOS = YES_AGGRESSIVE;
				GCC_WARN_UNUSED_FUNCTION = YES;
				GCC_WARN_UNUSED_VARIABLE = YES;
				IPHONEOS_DEPLOYMENT_TARGET = 17.6;
				LOCALIZATION_PREFERS_STRING_CATALOGS = YES;
				MACOSX_DEPLOYMENT_TARGET = 14.6;
				MTL_ENABLE_DEBUG_INFO = NO;
				MTL_FAST_MATH = YES;
				SDKROOT = iphoneos;
				SWIFT_COMPILATION_MODE = wholemodule;
				SWIFT_VERSION = 6.0;
				VALIDATE_PRODUCT = YES;
			};
			name = Release;
		};
		3439DBE02DC748E0008BD7B0 /* Debug */ = {
			isa = XCBuildConfiguration;
			buildSettings = {
				ASSETCATALOG_COMPILER_APPICON_NAME = AppIcon;
				ASSETCATALOG_COMPILER_GLOBAL_ACCENT_COLOR_NAME = AccentColor;
				CODE_SIGN_STYLE = Automatic;
				CURRENT_PROJECT_VERSION = 1;
				DEVELOPMENT_TEAM = PANT4FKZGM;
				ENABLE_PREVIEWS = YES;
				GENERATE_INFOPLIST_FILE = YES;
				INFOPLIST_KEY_CFBundleDisplayName = Odpad;
				INFOPLIST_KEY_UIApplicationSceneManifest_Generation = YES;
				INFOPLIST_KEY_UIApplicationSupportsIndirectInputEvents = YES;
				INFOPLIST_KEY_UILaunchScreen_Generation = YES;
				INFOPLIST_KEY_UISupportedInterfaceOrientations = UIInterfaceOrientationPortrait;
				INFOPLIST_KEY_UISupportedInterfaceOrientations_iPad = "UIInterfaceOrientationLandscapeLeft UIInterfaceOrientationLandscapeRight UIInterfaceOrientationPortrait UIInterfaceOrientationPortraitUpsideDown";
				INFOPLIST_KEY_UIUserInterfaceStyle = Light;
				IPHONEOS_DEPLOYMENT_TARGET = 17.6;
				LD_RUNPATH_SEARCH_PATHS = (
					"$(inherited)",
					"@executable_path/Frameworks",
				);
				MARKETING_VERSION = 1.0;
				PRODUCT_BUNDLE_IDENTIFIER = com.michalfousek.NovaVesOdpad;
				PRODUCT_NAME = "$(TARGET_NAME)";
				SUPPORTED_PLATFORMS = "iphoneos iphonesimulator";
				SUPPORTS_MACCATALYST = NO;
				SUPPORTS_MAC_DESIGNED_FOR_IPHONE_IPAD = NO;
				SUPPORTS_XR_DESIGNED_FOR_IPHONE_IPAD = NO;
				SWIFT_EMIT_LOC_STRINGS = YES;
				TARGETED_DEVICE_FAMILY = 1;
			};
			name = Debug;
		};
		3439DBE12DC748E0008BD7B0 /* Release */ = {
			isa = XCBuildConfiguration;
			buildSettings = {
				ASSETCATALOG_COMPILER_APPICON_NAME = AppIcon;
				ASSETCATALOG_COMPILER_GLOBAL_ACCENT_COLOR_NAME = AccentColor;
				CODE_SIGN_STYLE = Automatic;
				CURRENT_PROJECT_VERSION = 1;
				DEVELOPMENT_TEAM = PANT4FKZGM;
				ENABLE_PREVIEWS = YES;
				GENERATE_INFOPLIST_FILE = YES;
				INFOPLIST_KEY_CFBundleDisplayName = Odpad;
				INFOPLIST_KEY_UIApplicationSceneManifest_Generation = YES;
				INFOPLIST_KEY_UIApplicationSupportsIndirectInputEvents = YES;
				INFOPLIST_KEY_UILaunchScreen_Generation = YES;
				INFOPLIST_KEY_UISupportedInterfaceOrientations = UIInterfaceOrientationPortrait;
				INFOPLIST_KEY_UISupportedInterfaceOrientations_iPad = "UIInterfaceOrientationLandscapeLeft UIInterfaceOrientationLandscapeRight UIInterfaceOrientationPortrait UIInterfaceOrientationPortraitUpsideDown";
				INFOPLIST_KEY_UIUserInterfaceStyle = Light;
				IPHONEOS_DEPLOYMENT_TARGET = 17.6;
				LD_RUNPATH_SEARCH_PATHS = (
					"$(inherited)",
					"@executable_path/Frameworks",
				);
				MARKETING_VERSION = 1.0;
				PRODUCT_BUNDLE_IDENTIFIER = com.michalfousek.NovaVesOdpad;
				PRODUCT_NAME = "$(TARGET_NAME)";
				SUPPORTED_PLATFORMS = "iphoneos iphonesimulator";
				SUPPORTS_MACCATALYST = NO;
				SUPPORTS_MAC_DESIGNED_FOR_IPHONE_IPAD = NO;
				SUPPORTS_XR_DESIGNED_FOR_IPHONE_IPAD = NO;
				SWIFT_EMIT_LOC_STRINGS = YES;
				TARGETED_DEVICE_FAMILY = 1;
			};
			name = Release;
		};
/* End XCBuildConfiguration section */

/* Begin XCConfigurationList section */
		3439DBCF2DC748DF008BD7B0 /* Build configuration list for PBXProject "NovaVesOdpad" */ = {
			isa = XCConfigurationList;
			buildConfigurations = (
				3439DBDD2DC748E0008BD7B0 /* Debug */,
				3439DBDE2DC748E0008BD7B0 /* Release */,
			);
			defaultConfigurationIsVisible = 0;
			defaultConfigurationName = Release;
		};
		3439DBDF2DC748E0008BD7B0 /* Build configuration list for PBXNativeTarget "NovaVesOdpad" */ = {
			isa = XCConfigurationList;
			buildConfigurations = (
				3439DBE02DC748E0008BD7B0 /* Debug */,
				3439DBE12DC748E0008BD7B0 /* Release */,
			);
			defaultConfigurationIsVisible = 0;
			defaultConfigurationName = Release;
		};
/* End XCConfigurationList section */

/* Begin XCRemoteSwiftPackageReference section */
		3439DBF92DC7501D008BD7B0 /* XCRemoteSwiftPackageReference "Factory" */ = {
			isa = XCRemoteSwiftPackageReference;
			repositoryURL = "https://github.com/hmlongco/Factory.git";
			requirement = {
				kind = exactVersion;
				version = 2.4.9;
			};
		};
/* End XCRemoteSwiftPackageReference section */

/* Begin XCSwiftPackageProductDependency section */
		3439DBFA2DC7501D008BD7B0 /* Factory */ = {
			isa = XCSwiftPackageProductDependency;
			package = 3439DBF92DC7501D008BD7B0 /* XCRemoteSwiftPackageReference "Factory" */;
			productName = Factory;
		};
/* End XCSwiftPackageProductDependency section */
	};
	rootObject = 3439DBCC2DC748DF008BD7B0 /* Project object */;
}
